// !$*UTF8*$!
{
	archiveVersion = 1;
	classes = {
	};
	objectVersion = 46;
	objects = {

/* Begin PBXBuildFile section */
		D07AAFB71B783B6D00998A67 /* AppDelegate.swift in Sources */ = {isa = PBXBuildFile; fileRef = D07AAFB61B783B6D00998A67 /* AppDelegate.swift */; };
		D07AAFBB1B783B6D00998A67 /* GameScene.swift in Sources */ = {isa = PBXBuildFile; fileRef = D07AAFBA1B783B6D00998A67 /* GameScene.swift */; };
		D07AAFBD1B783B6D00998A67 /* GameViewController.swift in Sources */ = {isa = PBXBuildFile; fileRef = D07AAFBC1B783B6D00998A67 /* GameViewController.swift */; };
		D07AAFC01B783B6D00998A67 /* Main.storyboard in Resources */ = {isa = PBXBuildFile; fileRef = D07AAFBE1B783B6D00998A67 /* Main.storyboard */; };
		D07AAFC21B783B6D00998A67 /* Images.xcassets in Resources */ = {isa = PBXBuildFile; fileRef = D07AAFC11B783B6D00998A67 /* Images.xcassets */; };
		D07AAFC51B783B6D00998A67 /* LaunchScreen.xib in Resources */ = {isa = PBXBuildFile; fileRef = D07AAFC31B783B6D00998A67 /* LaunchScreen.xib */; };
		D07AAFDD1B783E4C00998A67 /* GameViewControllerTests.swift in Sources */ = {isa = PBXBuildFile; fileRef = D07AAFDC1B783E4C00998A67 /* GameViewControllerTests.swift */; };
		D07AAFDE1B783E4F00998A67 /* GameViewController.swift in Sources */ = {isa = PBXBuildFile; fileRef = D07AAFBC1B783B6D00998A67 /* GameViewController.swift */; };
		D07AAFDF1B783E5200998A67 /* GameScene.swift in Sources */ = {isa = PBXBuildFile; fileRef = D07AAFBA1B783B6D00998A67 /* GameScene.swift */; };
		D07AAFE01B783E5500998A67 /* AppDelegate.swift in Sources */ = {isa = PBXBuildFile; fileRef = D07AAFB61B783B6D00998A67 /* AppDelegate.swift */; };
		D07AAFE31B78406E00998A67 /* Main.storyboard in Resources */ = {isa = PBXBuildFile; fileRef = D07AAFBE1B783B6D00998A67 /* Main.storyboard */; };
		D07AAFE51B7846DE00998A67 /* GameSceneTests.swift in Sources */ = {isa = PBXBuildFile; fileRef = D07AAFE41B7846DE00998A67 /* GameSceneTests.swift */; };
		D07AAFE71B785F6900998A67 /* Cookie.swift in Sources */ = {isa = PBXBuildFile; fileRef = D07AAFE61B785F6900998A67 /* Cookie.swift */; };
		D07AAFE81B785F6900998A67 /* Cookie.swift in Sources */ = {isa = PBXBuildFile; fileRef = D07AAFE61B785F6900998A67 /* Cookie.swift */; };
		D07AAFEB1B785FA200998A67 /* CookieTests.swift in Sources */ = {isa = PBXBuildFile; fileRef = D07AAFEA1B785FA200998A67 /* CookieTests.swift */; };
		D07AAFEE1B785FF100998A67 /* Sprites.atlas in Resources */ = {isa = PBXBuildFile; fileRef = D07AAFED1B785FF100998A67 /* Sprites.atlas */; };
		D07AAFEF1B785FF100998A67 /* Sprites.atlas in Resources */ = {isa = PBXBuildFile; fileRef = D07AAFED1B785FF100998A67 /* Sprites.atlas */; };
		D07AAFF11B78860B00998A67 /* Array2D.swift in Sources */ = {isa = PBXBuildFile; fileRef = D07AAFF01B78860B00998A67 /* Array2D.swift */; };
		D07AAFF21B78860B00998A67 /* Array2D.swift in Sources */ = {isa = PBXBuildFile; fileRef = D07AAFF01B78860B00998A67 /* Array2D.swift */; };
		D07AAFF41B78865A00998A67 /* Array2DTests.swift in Sources */ = {isa = PBXBuildFile; fileRef = D07AAFF31B78865A00998A67 /* Array2DTests.swift */; };
		D07AAFF61B7889A400998A67 /* Level.swift in Sources */ = {isa = PBXBuildFile; fileRef = D07AAFF51B7889A400998A67 /* Level.swift */; };
		D07AAFF71B7889A400998A67 /* Level.swift in Sources */ = {isa = PBXBuildFile; fileRef = D07AAFF51B7889A400998A67 /* Level.swift */; };
		D07AAFF91B7889B000998A67 /* LevelTests.swift in Sources */ = {isa = PBXBuildFile; fileRef = D07AAFF81B7889B000998A67 /* LevelTests.swift */; };
		D07AAFFB1B79815200998A67 /* ObjectConfiguration.swift in Sources */ = {isa = PBXBuildFile; fileRef = D07AAFFA1B79815200998A67 /* ObjectConfiguration.swift */; };
		D07AAFFC1B79815200998A67 /* ObjectConfiguration.swift in Sources */ = {isa = PBXBuildFile; fileRef = D07AAFFA1B79815200998A67 /* ObjectConfiguration.swift */; };
		D07AAFFE1B79818900998A67 /* ObjectConfigurationTests.swift in Sources */ = {isa = PBXBuildFile; fileRef = D07AAFFD1B79818900998A67 /* ObjectConfigurationTests.swift */; };
		D07AB0051B79872B00998A67 /* Level_0.json in Resources */ = {isa = PBXBuildFile; fileRef = D07AB0001B79872B00998A67 /* Level_0.json */; };
		D07AB0061B79872B00998A67 /* Level_0.json in Resources */ = {isa = PBXBuildFile; fileRef = D07AB0001B79872B00998A67 /* Level_0.json */; };
		D07AB0071B79872B00998A67 /* Level_1.json in Resources */ = {isa = PBXBuildFile; fileRef = D07AB0011B79872B00998A67 /* Level_1.json */; };
		D07AB0081B79872B00998A67 /* Level_1.json in Resources */ = {isa = PBXBuildFile; fileRef = D07AB0011B79872B00998A67 /* Level_1.json */; };
		D07AB0091B79872B00998A67 /* Level_2.json in Resources */ = {isa = PBXBuildFile; fileRef = D07AB0021B79872B00998A67 /* Level_2.json */; };
		D07AB00A1B79872B00998A67 /* Level_2.json in Resources */ = {isa = PBXBuildFile; fileRef = D07AB0021B79872B00998A67 /* Level_2.json */; };
		D07AB00B1B79872B00998A67 /* Level_3.json in Resources */ = {isa = PBXBuildFile; fileRef = D07AB0031B79872B00998A67 /* Level_3.json */; };
		D07AB00C1B79872B00998A67 /* Level_3.json in Resources */ = {isa = PBXBuildFile; fileRef = D07AB0031B79872B00998A67 /* Level_3.json */; };
		D07AB00D1B79872B00998A67 /* Level_4.json in Resources */ = {isa = PBXBuildFile; fileRef = D07AB0041B79872B00998A67 /* Level_4.json */; };
		D07AB00E1B79872B00998A67 /* Level_4.json in Resources */ = {isa = PBXBuildFile; fileRef = D07AB0041B79872B00998A67 /* Level_4.json */; };
		D07AB0101B79885D00998A67 /* Tile.swift in Sources */ = {isa = PBXBuildFile; fileRef = D07AB00F1B79885D00998A67 /* Tile.swift */; };
		D07AB0111B79885D00998A67 /* Tile.swift in Sources */ = {isa = PBXBuildFile; fileRef = D07AB00F1B79885D00998A67 /* Tile.swift */; };
		D07AB0131B798A6E00998A67 /* LevelFileParser.swift in Sources */ = {isa = PBXBuildFile; fileRef = D07AB0121B798A6E00998A67 /* LevelFileParser.swift */; };
		D07AB0141B798A6E00998A67 /* LevelFileParser.swift in Sources */ = {isa = PBXBuildFile; fileRef = D07AB0121B798A6E00998A67 /* LevelFileParser.swift */; };
		D07AB0171B798AC700998A67 /* LevelFileParserTests.swift in Sources */ = {isa = PBXBuildFile; fileRef = D07AB0161B798AC700998A67 /* LevelFileParserTests.swift */; };
		D07AB01A1B79E0FD00998A67 /* Swap.swift in Sources */ = {isa = PBXBuildFile; fileRef = D07AB0191B79E0FD00998A67 /* Swap.swift */; };
		D07AB01B1B79E0FD00998A67 /* Swap.swift in Sources */ = {isa = PBXBuildFile; fileRef = D07AB0191B79E0FD00998A67 /* Swap.swift */; };
		D07AB01D1B79E12000998A67 /* SwapTests.swift in Sources */ = {isa = PBXBuildFile; fileRef = D07AB01C1B79E12000998A67 /* SwapTests.swift */; };
/* End PBXBuildFile section */

/* Begin PBXContainerItemProxy section */
		D07AAFCB1B783B6D00998A67 /* PBXContainerItemProxy */ = {
			isa = PBXContainerItemProxy;
			containerPortal = D07AAFA91B783B6D00998A67 /* Project object */;
			proxyType = 1;
			remoteGlobalIDString = D07AAFB01B783B6D00998A67;
			remoteInfo = CookieCrush;
		};
/* End PBXContainerItemProxy section */

/* Begin PBXFileReference section */
		D07AAFB11B783B6D00998A67 /* CookieCrush.app */ = {isa = PBXFileReference; explicitFileType = wrapper.application; includeInIndex = 0; path = CookieCrush.app; sourceTree = BUILT_PRODUCTS_DIR; };
		D07AAFB51B783B6D00998A67 /* Info.plist */ = {isa = PBXFileReference; lastKnownFileType = text.plist.xml; path = Info.plist; sourceTree = "<group>"; };
		D07AAFB61B783B6D00998A67 /* AppDelegate.swift */ = {isa = PBXFileReference; lastKnownFileType = sourcecode.swift; path = AppDelegate.swift; sourceTree = "<group>"; };
		D07AAFBA1B783B6D00998A67 /* GameScene.swift */ = {isa = PBXFileReference; lastKnownFileType = sourcecode.swift; path = GameScene.swift; sourceTree = "<group>"; };
		D07AAFBC1B783B6D00998A67 /* GameViewController.swift */ = {isa = PBXFileReference; lastKnownFileType = sourcecode.swift; path = GameViewController.swift; sourceTree = "<group>"; };
		D07AAFBF1B783B6D00998A67 /* Base */ = {isa = PBXFileReference; lastKnownFileType = file.storyboard; name = Base; path = Base.lproj/Main.storyboard; sourceTree = "<group>"; };
		D07AAFC11B783B6D00998A67 /* Images.xcassets */ = {isa = PBXFileReference; lastKnownFileType = folder.assetcatalog; path = Images.xcassets; sourceTree = "<group>"; };
		D07AAFC41B783B6D00998A67 /* Base */ = {isa = PBXFileReference; lastKnownFileType = file.xib; name = Base; path = Base.lproj/LaunchScreen.xib; sourceTree = "<group>"; };
		D07AAFCA1B783B6D00998A67 /* CookieCrushTests.xctest */ = {isa = PBXFileReference; explicitFileType = wrapper.cfbundle; includeInIndex = 0; path = CookieCrushTests.xctest; sourceTree = BUILT_PRODUCTS_DIR; };
		D07AAFCF1B783B6D00998A67 /* Info.plist */ = {isa = PBXFileReference; lastKnownFileType = text.plist.xml; path = Info.plist; sourceTree = "<group>"; };
		D07AAFDC1B783E4C00998A67 /* GameViewControllerTests.swift */ = {isa = PBXFileReference; fileEncoding = 4; lastKnownFileType = sourcecode.swift; path = GameViewControllerTests.swift; sourceTree = "<group>"; };
		D07AAFE41B7846DE00998A67 /* GameSceneTests.swift */ = {isa = PBXFileReference; fileEncoding = 4; lastKnownFileType = sourcecode.swift; path = GameSceneTests.swift; sourceTree = "<group>"; };
		D07AAFE61B785F6900998A67 /* Cookie.swift */ = {isa = PBXFileReference; fileEncoding = 4; lastKnownFileType = sourcecode.swift; path = Cookie.swift; sourceTree = "<group>"; };
		D07AAFEA1B785FA200998A67 /* CookieTests.swift */ = {isa = PBXFileReference; fileEncoding = 4; lastKnownFileType = sourcecode.swift; path = CookieTests.swift; sourceTree = "<group>"; };
		D07AAFED1B785FF100998A67 /* Sprites.atlas */ = {isa = PBXFileReference; lastKnownFileType = folder.skatlas; path = Sprites.atlas; sourceTree = "<group>"; };
		D07AAFF01B78860B00998A67 /* Array2D.swift */ = {isa = PBXFileReference; fileEncoding = 4; lastKnownFileType = sourcecode.swift; path = Array2D.swift; sourceTree = "<group>"; };
		D07AAFF31B78865A00998A67 /* Array2DTests.swift */ = {isa = PBXFileReference; fileEncoding = 4; lastKnownFileType = sourcecode.swift; path = Array2DTests.swift; sourceTree = "<group>"; };
		D07AAFF51B7889A400998A67 /* Level.swift */ = {isa = PBXFileReference; fileEncoding = 4; lastKnownFileType = sourcecode.swift; path = Level.swift; sourceTree = "<group>"; };
		D07AAFF81B7889B000998A67 /* LevelTests.swift */ = {isa = PBXFileReference; fileEncoding = 4; lastKnownFileType = sourcecode.swift; path = LevelTests.swift; sourceTree = "<group>"; };
		D07AAFFA1B79815200998A67 /* ObjectConfiguration.swift */ = {isa = PBXFileReference; fileEncoding = 4; lastKnownFileType = sourcecode.swift; path = ObjectConfiguration.swift; sourceTree = "<group>"; };
		D07AAFFD1B79818900998A67 /* ObjectConfigurationTests.swift */ = {isa = PBXFileReference; fileEncoding = 4; lastKnownFileType = sourcecode.swift; path = ObjectConfigurationTests.swift; sourceTree = "<group>"; };
		D07AB0001B79872B00998A67 /* Level_0.json */ = {isa = PBXFileReference; fileEncoding = 4; lastKnownFileType = text.json; path = Level_0.json; sourceTree = "<group>"; };
		D07AB0011B79872B00998A67 /* Level_1.json */ = {isa = PBXFileReference; fileEncoding = 4; lastKnownFileType = text.json; path = Level_1.json; sourceTree = "<group>"; };
		D07AB0021B79872B00998A67 /* Level_2.json */ = {isa = PBXFileReference; fileEncoding = 4; lastKnownFileType = text.json; path = Level_2.json; sourceTree = "<group>"; };
		D07AB0031B79872B00998A67 /* Level_3.json */ = {isa = PBXFileReference; fileEncoding = 4; lastKnownFileType = text.json; path = Level_3.json; sourceTree = "<group>"; };
		D07AB0041B79872B00998A67 /* Level_4.json */ = {isa = PBXFileReference; fileEncoding = 4; lastKnownFileType = text.json; path = Level_4.json; sourceTree = "<group>"; };
		D07AB00F1B79885D00998A67 /* Tile.swift */ = {isa = PBXFileReference; fileEncoding = 4; lastKnownFileType = sourcecode.swift; path = Tile.swift; sourceTree = "<group>"; };
		D07AB0121B798A6E00998A67 /* LevelFileParser.swift */ = {isa = PBXFileReference; fileEncoding = 4; lastKnownFileType = sourcecode.swift; path = LevelFileParser.swift; sourceTree = "<group>"; };
		D07AB0161B798AC700998A67 /* LevelFileParserTests.swift */ = {isa = PBXFileReference; fileEncoding = 4; lastKnownFileType = sourcecode.swift; path = LevelFileParserTests.swift; sourceTree = "<group>"; };
		D07AB0191B79E0FD00998A67 /* Swap.swift */ = {isa = PBXFileReference; fileEncoding = 4; lastKnownFileType = sourcecode.swift; path = Swap.swift; sourceTree = "<group>"; };
		D07AB01C1B79E12000998A67 /* SwapTests.swift */ = {isa = PBXFileReference; fileEncoding = 4; lastKnownFileType = sourcecode.swift; path = SwapTests.swift; sourceTree = "<group>"; };
/* End PBXFileReference section */

/* Begin PBXFrameworksBuildPhase section */
		D07AAFAE1B783B6D00998A67 /* Frameworks */ = {
			isa = PBXFrameworksBuildPhase;
			buildActionMask = 2147483647;
			files = (
			);
			runOnlyForDeploymentPostprocessing = 0;
		};
		D07AAFC71B783B6D00998A67 /* Frameworks */ = {
			isa = PBXFrameworksBuildPhase;
			buildActionMask = 2147483647;
			files = (
			);
			runOnlyForDeploymentPostprocessing = 0;
		};
/* End PBXFrameworksBuildPhase section */

/* Begin PBXGroup section */
		D07AAFA81B783B6D00998A67 = {
			isa = PBXGroup;
			children = (
				D07AAFB31B783B6D00998A67 /* CookieCrush */,
				D07AAFCD1B783B6D00998A67 /* CookieCrushTests */,
				D07AAFB21B783B6D00998A67 /* Products */,
			);
			sourceTree = "<group>";
		};
		D07AAFB21B783B6D00998A67 /* Products */ = {
			isa = PBXGroup;
			children = (
				D07AAFB11B783B6D00998A67 /* CookieCrush.app */,
				D07AAFCA1B783B6D00998A67 /* CookieCrushTests.xctest */,
			);
			name = Products;
			sourceTree = "<group>";
		};
		D07AAFB31B783B6D00998A67 /* CookieCrush */ = {
			isa = PBXGroup;
			children = (
				D07AAFBA1B783B6D00998A67 /* GameScene.swift */,
				D07AAFBC1B783B6D00998A67 /* GameViewController.swift */,
				D07AB0151B798A7600998A67 /* Util */,
				D07AAFE91B785F7100998A67 /* Model */,
				D07AAFB41B783B6D00998A67 /* Supporting Files */,
			);
			path = CookieCrush;
			sourceTree = "<group>";
		};
		D07AAFB41B783B6D00998A67 /* Supporting Files */ = {
			isa = PBXGroup;
			children = (
				D07AAFB61B783B6D00998A67 /* AppDelegate.swift */,
				D07AAFBE1B783B6D00998A67 /* Main.storyboard */,
				D07AAFFF1B79872B00998A67 /* Levels */,
				D07AAFED1B785FF100998A67 /* Sprites.atlas */,
				D07AAFC11B783B6D00998A67 /* Images.xcassets */,
				D07AAFC31B783B6D00998A67 /* LaunchScreen.xib */,
				D07AAFB51B783B6D00998A67 /* Info.plist */,
			);
			name = "Supporting Files";
			sourceTree = "<group>";
		};
		D07AAFCD1B783B6D00998A67 /* CookieCrushTests */ = {
			isa = PBXGroup;
			children = (
				D07AAFCE1B783B6D00998A67 /* Supporting Files */,
				D07AAFDC1B783E4C00998A67 /* GameViewControllerTests.swift */,
				D07AAFE41B7846DE00998A67 /* GameSceneTests.swift */,
				D07AB0181B798ACD00998A67 /* Util */,
				D07AAFEC1B785FA600998A67 /* Model */,
			);
			path = CookieCrushTests;
			sourceTree = "<group>";
		};
		D07AAFCE1B783B6D00998A67 /* Supporting Files */ = {
			isa = PBXGroup;
			children = (
				D07AAFCF1B783B6D00998A67 /* Info.plist */,
			);
			name = "Supporting Files";
			sourceTree = "<group>";
		};
		D07AAFE91B785F7100998A67 /* Model */ = {
			isa = PBXGroup;
			children = (
				D07AAFFA1B79815200998A67 /* ObjectConfiguration.swift */,
				D07AAFF01B78860B00998A67 /* Array2D.swift */,
				D07AAFE61B785F6900998A67 /* Cookie.swift */,
				D07AB00F1B79885D00998A67 /* Tile.swift */,
				D07AAFF51B7889A400998A67 /* Level.swift */,
				D07AB0191B79E0FD00998A67 /* Swap.swift */,
			);
			name = Model;
			sourceTree = "<group>";
		};
		D07AAFEC1B785FA600998A67 /* Model */ = {
			isa = PBXGroup;
			children = (
				D07AAFFD1B79818900998A67 /* ObjectConfigurationTests.swift */,
				D07AAFF31B78865A00998A67 /* Array2DTests.swift */,
				D07AAFEA1B785FA200998A67 /* CookieTests.swift */,
				D07AAFF81B7889B000998A67 /* LevelTests.swift */,
				D07AB01C1B79E12000998A67 /* SwapTests.swift */,
			);
			name = Model;
			sourceTree = "<group>";
		};
		D07AAFFF1B79872B00998A67 /* Levels */ = {
			isa = PBXGroup;
			children = (
				D07AB0001B79872B00998A67 /* Level_0.json */,
				D07AB0011B79872B00998A67 /* Level_1.json */,
				D07AB0021B79872B00998A67 /* Level_2.json */,
				D07AB0031B79872B00998A67 /* Level_3.json */,
				D07AB0041B79872B00998A67 /* Level_4.json */,
			);
			path = Levels;
			sourceTree = "<group>";
		};
		D07AB0151B798A7600998A67 /* Util */ = {
			isa = PBXGroup;
			children = (
				D07AB0121B798A6E00998A67 /* LevelFileParser.swift */,
			);
			name = Util;
			sourceTree = "<group>";
		};
		D07AB0181B798ACD00998A67 /* Util */ = {
			isa = PBXGroup;
			children = (
				D07AB0161B798AC700998A67 /* LevelFileParserTests.swift */,
			);
			name = Util;
			sourceTree = "<group>";
		};
/* End PBXGroup section */

/* Begin PBXNativeTarget section */
		D07AAFB01B783B6D00998A67 /* CookieCrush */ = {
			isa = PBXNativeTarget;
			buildConfigurationList = D07AAFD41B783B6D00998A67 /* Build configuration list for PBXNativeTarget "CookieCrush" */;
			buildPhases = (
				D07AAFAD1B783B6D00998A67 /* Sources */,
				D07AAFAE1B783B6D00998A67 /* Frameworks */,
				D07AAFAF1B783B6D00998A67 /* Resources */,
			);
			buildRules = (
			);
			dependencies = (
			);
			name = CookieCrush;
			productName = CookieCrush;
			productReference = D07AAFB11B783B6D00998A67 /* CookieCrush.app */;
			productType = "com.apple.product-type.application";
		};
		D07AAFC91B783B6D00998A67 /* CookieCrushTests */ = {
			isa = PBXNativeTarget;
			buildConfigurationList = D07AAFD71B783B6D00998A67 /* Build configuration list for PBXNativeTarget "CookieCrushTests" */;
			buildPhases = (
				D07AAFC61B783B6D00998A67 /* Sources */,
				D07AAFC71B783B6D00998A67 /* Frameworks */,
				D07AAFC81B783B6D00998A67 /* Resources */,
			);
			buildRules = (
			);
			dependencies = (
				D07AAFCC1B783B6D00998A67 /* PBXTargetDependency */,
			);
			name = CookieCrushTests;
			productName = CookieCrushTests;
			productReference = D07AAFCA1B783B6D00998A67 /* CookieCrushTests.xctest */;
			productType = "com.apple.product-type.bundle.unit-test";
		};
/* End PBXNativeTarget section */

/* Begin PBXProject section */
		D07AAFA91B783B6D00998A67 /* Project object */ = {
			isa = PBXProject;
			attributes = {
				LastUpgradeCheck = 0640;
				ORGANIZATIONNAME = "Peter Huang";
				TargetAttributes = {
					D07AAFB01B783B6D00998A67 = {
						CreatedOnToolsVersion = 6.4;
					};
					D07AAFC91B783B6D00998A67 = {
						CreatedOnToolsVersion = 6.4;
						TestTargetID = D07AAFB01B783B6D00998A67;
					};
				};
			};
			buildConfigurationList = D07AAFAC1B783B6D00998A67 /* Build configuration list for PBXProject "CookieCrush" */;
			compatibilityVersion = "Xcode 3.2";
			developmentRegion = English;
			hasScannedForEncodings = 0;
			knownRegions = (
				en,
				Base,
			);
			mainGroup = D07AAFA81B783B6D00998A67;
			productRefGroup = D07AAFB21B783B6D00998A67 /* Products */;
			projectDirPath = "";
			projectRoot = "";
			targets = (
				D07AAFB01B783B6D00998A67 /* CookieCrush */,
				D07AAFC91B783B6D00998A67 /* CookieCrushTests */,
			);
		};
/* End PBXProject section */

/* Begin PBXResourcesBuildPhase section */
		D07AAFAF1B783B6D00998A67 /* Resources */ = {
			isa = PBXResourcesBuildPhase;
			buildActionMask = 2147483647;
			files = (
				D07AAFC51B783B6D00998A67 /* LaunchScreen.xib in Resources */,
				D07AB00D1B79872B00998A67 /* Level_4.json in Resources */,
				D07AB0091B79872B00998A67 /* Level_2.json in Resources */,
				D07AB0051B79872B00998A67 /* Level_0.json in Resources */,
				D07AAFC21B783B6D00998A67 /* Images.xcassets in Resources */,
				D07AAFEE1B785FF100998A67 /* Sprites.atlas in Resources */,
				D07AB0071B79872B00998A67 /* Level_1.json in Resources */,
				D07AB00B1B79872B00998A67 /* Level_3.json in Resources */,
				D07AAFC01B783B6D00998A67 /* Main.storyboard in Resources */,
			);
			runOnlyForDeploymentPostprocessing = 0;
		};
		D07AAFC81B783B6D00998A67 /* Resources */ = {
			isa = PBXResourcesBuildPhase;
			buildActionMask = 2147483647;
			files = (
				D07AB0081B79872B00998A67 /* Level_1.json in Resources */,
				D07AB00A1B79872B00998A67 /* Level_2.json in Resources */,
				D07AAFEF1B785FF100998A67 /* Sprites.atlas in Resources */,
				D07AB00E1B79872B00998A67 /* Level_4.json in Resources */,
				D07AB0061B79872B00998A67 /* Level_0.json in Resources */,
				D07AB00C1B79872B00998A67 /* Level_3.json in Resources */,
				D07AAFE31B78406E00998A67 /* Main.storyboard in Resources */,
			);
			runOnlyForDeploymentPostprocessing = 0;
		};
/* End PBXResourcesBuildPhase section */

/* Begin PBXSourcesBuildPhase section */
		D07AAFAD1B783B6D00998A67 /* Sources */ = {
			isa = PBXSourcesBuildPhase;
			buildActionMask = 2147483647;
			files = (
				D07AAFFB1B79815200998A67 /* ObjectConfiguration.swift in Sources */,
				D07AAFF61B7889A400998A67 /* Level.swift in Sources */,
				D07AAFBB1B783B6D00998A67 /* GameScene.swift in Sources */,
				D07AB0101B79885D00998A67 /* Tile.swift in Sources */,
				D07AB01A1B79E0FD00998A67 /* Swap.swift in Sources */,
				D07AAFE71B785F6900998A67 /* Cookie.swift in Sources */,
				D07AAFBD1B783B6D00998A67 /* GameViewController.swift in Sources */,
				D07AB0131B798A6E00998A67 /* LevelFileParser.swift in Sources */,
				D07AAFB71B783B6D00998A67 /* AppDelegate.swift in Sources */,
				D07AAFF11B78860B00998A67 /* Array2D.swift in Sources */,
			);
			runOnlyForDeploymentPostprocessing = 0;
		};
		D07AAFC61B783B6D00998A67 /* Sources */ = {
			isa = PBXSourcesBuildPhase;
			buildActionMask = 2147483647;
			files = (
				D07AAFE01B783E5500998A67 /* AppDelegate.swift in Sources */,
				D07AAFE81B785F6900998A67 /* Cookie.swift in Sources */,
				D07AAFDF1B783E5200998A67 /* GameScene.swift in Sources */,
				D07AB0111B79885D00998A67 /* Tile.swift in Sources */,
				D07AAFFC1B79815200998A67 /* ObjectConfiguration.swift in Sources */,
				D07AAFF41B78865A00998A67 /* Array2DTests.swift in Sources */,
				D07AAFEB1B785FA200998A67 /* CookieTests.swift in Sources */,
				D07AAFE51B7846DE00998A67 /* GameSceneTests.swift in Sources */,
				D07AAFF21B78860B00998A67 /* Array2D.swift in Sources */,
				D07AAFDE1B783E4F00998A67 /* GameViewController.swift in Sources */,
				D07AAFFE1B79818900998A67 /* ObjectConfigurationTests.swift in Sources */,
				D07AAFF71B7889A400998A67 /* Level.swift in Sources */,
				D07AB01D1B79E12000998A67 /* SwapTests.swift in Sources */,
				D07AB0141B798A6E00998A67 /* LevelFileParser.swift in Sources */,
				D07AB0171B798AC700998A67 /* LevelFileParserTests.swift in Sources */,
				D07AAFDD1B783E4C00998A67 /* GameViewControllerTests.swift in Sources */,
				D07AB01B1B79E0FD00998A67 /* Swap.swift in Sources */,
				D07AAFF91B7889B000998A67 /* LevelTests.swift in Sources */,
			);
			runOnlyForDeploymentPostprocessing = 0;
		};
/* End PBXSourcesBuildPhase section */

/* Begin PBXTargetDependency section */
		D07AAFCC1B783B6D00998A67 /* PBXTargetDependency */ = {
			isa = PBXTargetDependency;
			target = D07AAFB01B783B6D00998A67 /* CookieCrush */;
			targetProxy = D07AAFCB1B783B6D00998A67 /* PBXContainerItemProxy */;
		};
/* End PBXTargetDependency section */

/* Begin PBXVariantGroup section */
		D07AAFBE1B783B6D00998A67 /* Main.storyboard */ = {
			isa = PBXVariantGroup;
			children = (
				D07AAFBF1B783B6D00998A67 /* Base */,
			);
			name = Main.storyboard;
			sourceTree = "<group>";
		};
		D07AAFC31B783B6D00998A67 /* LaunchScreen.xib */ = {
			isa = PBXVariantGroup;
			children = (
				D07AAFC41B783B6D00998A67 /* Base */,
			);
			name = LaunchScreen.xib;
			sourceTree = "<group>";
		};
/* End PBXVariantGroup section */

/* Begin XCBuildConfiguration section */
		D07AAFD21B783B6D00998A67 /* Debug */ = {
			isa = XCBuildConfiguration;
			buildSettings = {
				ALWAYS_SEARCH_USER_PATHS = NO;
				CLANG_CXX_LANGUAGE_STANDARD = "gnu++0x";
				CLANG_CXX_LIBRARY = "libc++";
				CLANG_ENABLE_MODULES = YES;
				CLANG_ENABLE_OBJC_ARC = YES;
				CLANG_WARN_BOOL_CONVERSION = YES;
				CLANG_WARN_CONSTANT_CONVERSION = YES;
				CLANG_WARN_DIRECT_OBJC_ISA_USAGE = YES_ERROR;
				CLANG_WARN_EMPTY_BODY = YES;
				CLANG_WARN_ENUM_CONVERSION = YES;
				CLANG_WARN_INT_CONVERSION = YES;
				CLANG_WARN_OBJC_ROOT_CLASS = YES_ERROR;
				CLANG_WARN_UNREACHABLE_CODE = YES;
				CLANG_WARN__DUPLICATE_METHOD_MATCH = YES;
				"CODE_SIGN_IDENTITY[sdk=iphoneos*]" = "iPhone Developer";
				COPY_PHASE_STRIP = NO;
				DEBUG_INFORMATION_FORMAT = "dwarf-with-dsym";
				ENABLE_STRICT_OBJC_MSGSEND = YES;
				GCC_C_LANGUAGE_STANDARD = gnu99;
				GCC_DYNAMIC_NO_PIC = NO;
				GCC_NO_COMMON_BLOCKS = YES;
				GCC_OPTIMIZATION_LEVEL = 0;
				GCC_PREPROCESSOR_DEFINITIONS = (
					"DEBUG=1",
					"$(inherited)",
				);
				GCC_SYMBOLS_PRIVATE_EXTERN = NO;
				GCC_WARN_64_TO_32_BIT_CONVERSION = YES;
				GCC_WARN_ABOUT_RETURN_TYPE = YES_ERROR;
				GCC_WARN_UNDECLARED_SELECTOR = YES;
				GCC_WARN_UNINITIALIZED_AUTOS = YES_AGGRESSIVE;
				GCC_WARN_UNUSED_FUNCTION = YES;
				GCC_WARN_UNUSED_VARIABLE = YES;
				IPHONEOS_DEPLOYMENT_TARGET = 8.4;
				MTL_ENABLE_DEBUG_INFO = YES;
				ONLY_ACTIVE_ARCH = YES;
				SDKROOT = iphoneos;
				SWIFT_OPTIMIZATION_LEVEL = "-Onone";
			};
			name = Debug;
		};
		D07AAFD31B783B6D00998A67 /* Release */ = {
			isa = XCBuildConfiguration;
			buildSettings = {
				ALWAYS_SEARCH_USER_PATHS = NO;
				CLANG_CXX_LANGUAGE_STANDARD = "gnu++0x";
				CLANG_CXX_LIBRARY = "libc++";
				CLANG_ENABLE_MODULES = YES;
				CLANG_ENABLE_OBJC_ARC = YES;
				CLANG_WARN_BOOL_CONVERSION = YES;
				CLANG_WARN_CONSTANT_CONVERSION = YES;
				CLANG_WARN_DIRECT_OBJC_ISA_USAGE = YES_ERROR;
				CLANG_WARN_EMPTY_BODY = YES;
				CLANG_WARN_ENUM_CONVERSION = YES;
				CLANG_WARN_INT_CONVERSION = YES;
				CLANG_WARN_OBJC_ROOT_CLASS = YES_ERROR;
				CLANG_WARN_UNREACHABLE_CODE = YES;
				CLANG_WARN__DUPLICATE_METHOD_MATCH = YES;
				"CODE_SIGN_IDENTITY[sdk=iphoneos*]" = "iPhone Developer";
				COPY_PHASE_STRIP = NO;
				DEBUG_INFORMATION_FORMAT = "dwarf-with-dsym";
				ENABLE_NS_ASSERTIONS = NO;
				ENABLE_STRICT_OBJC_MSGSEND = YES;
				GCC_C_LANGUAGE_STANDARD = gnu99;
				GCC_NO_COMMON_BLOCKS = YES;
				GCC_WARN_64_TO_32_BIT_CONVERSION = YES;
				GCC_WARN_ABOUT_RETURN_TYPE = YES_ERROR;
				GCC_WARN_UNDECLARED_SELECTOR = YES;
				GCC_WARN_UNINITIALIZED_AUTOS = YES_AGGRESSIVE;
				GCC_WARN_UNUSED_FUNCTION = YES;
				GCC_WARN_UNUSED_VARIABLE = YES;
				IPHONEOS_DEPLOYMENT_TARGET = 8.4;
				MTL_ENABLE_DEBUG_INFO = NO;
				SDKROOT = iphoneos;
				VALIDATE_PRODUCT = YES;
			};
			name = Release;
		};
		D07AAFD51B783B6D00998A67 /* Debug */ = {
			isa = XCBuildConfiguration;
			buildSettings = {
				ASSETCATALOG_COMPILER_APPICON_NAME = AppIcon;
				INFOPLIST_FILE = CookieCrush/Info.plist;
				LD_RUNPATH_SEARCH_PATHS = "$(inherited) @executable_path/Frameworks";
				PRODUCT_NAME = "$(TARGET_NAME)";
			};
			name = Debug;
		};
		D07AAFD61B783B6D00998A67 /* Release */ = {
			isa = XCBuildConfiguration;
			buildSettings = {
				ASSETCATALOG_COMPILER_APPICON_NAME = AppIcon;
				INFOPLIST_FILE = CookieCrush/Info.plist;
				LD_RUNPATH_SEARCH_PATHS = "$(inherited) @executable_path/Frameworks";
				PRODUCT_NAME = "$(TARGET_NAME)";
			};
			name = Release;
		};
		D07AAFD81B783B6D00998A67 /* Debug */ = {
			isa = XCBuildConfiguration;
			buildSettings = {
				BUNDLE_LOADER = "$(TEST_HOST)";
				CLANG_ENABLE_MODULES = YES;
				FRAMEWORK_SEARCH_PATHS = (
					"$(SDKROOT)/Developer/Library/Frameworks",
					"$(inherited)",
				);
				GCC_PREPROCESSOR_DEFINITIONS = (
					"DEBUG=1",
					"$(inherited)",
				);
				INFOPLIST_FILE = CookieCrushTests/Info.plist;
				LD_RUNPATH_SEARCH_PATHS = "$(inherited) @executable_path/Frameworks @loader_path/Frameworks";
				PRODUCT_NAME = "$(TARGET_NAME)";
				SWIFT_OPTIMIZATION_LEVEL = "-Onone";
				TEST_HOST = "$(BUILT_PRODUCTS_DIR)/CookieCrush.app/CookieCrush";
			};
			name = Debug;
		};
		D07AAFD91B783B6D00998A67 /* Release */ = {
			isa = XCBuildConfiguration;
			buildSettings = {
				BUNDLE_LOADER = "$(TEST_HOST)";
				CLANG_ENABLE_MODULES = YES;
				FRAMEWORK_SEARCH_PATHS = (
					"$(SDKROOT)/Developer/Library/Frameworks",
					"$(inherited)",
				);
				INFOPLIST_FILE = CookieCrushTests/Info.plist;
				LD_RUNPATH_SEARCH_PATHS = "$(inherited) @executable_path/Frameworks @loader_path/Frameworks";
				PRODUCT_NAME = "$(TARGET_NAME)";
				TEST_HOST = "$(BUILT_PRODUCTS_DIR)/CookieCrush.app/CookieCrush";
			};
			name = Release;
		};
/* End XCBuildConfiguration section */

/* Begin XCConfigurationList section */
		D07AAFAC1B783B6D00998A67 /* Build configuration list for PBXProject "CookieCrush" */ = {
			isa = XCConfigurationList;
			buildConfigurations = (
				D07AAFD21B783B6D00998A67 /* Debug */,
				D07AAFD31B783B6D00998A67 /* Release */,
			);
			defaultConfigurationIsVisible = 0;
			defaultConfigurationName = Release;
		};
		D07AAFD41B783B6D00998A67 /* Build configuration list for PBXNativeTarget "CookieCrush" */ = {
			isa = XCConfigurationList;
			buildConfigurations = (
				D07AAFD51B783B6D00998A67 /* Debug */,
				D07AAFD61B783B6D00998A67 /* Release */,
			);
			defaultConfigurationIsVisible = 0;
		};
		D07AAFD71B783B6D00998A67 /* Build configuration list for PBXNativeTarget "CookieCrushTests" */ = {
			isa = XCConfigurationList;
			buildConfigurations = (
				D07AAFD81B783B6D00998A67 /* Debug */,
				D07AAFD91B783B6D00998A67 /* Release */,
			);
			defaultConfigurationIsVisible = 0;
		};
/* End XCConfigurationList section */
	};
	rootObject = D07AAFA91B783B6D00998A67 /* Project object */;
}
